PODS:
  - TensorFlowLiteTaskVision (0.4.0)

DEPENDENCIES:
  - TensorFlowLiteTaskVision

SPEC REPOS:
  trunk:
    - TensorFlowLiteTaskVision

SPEC CHECKSUMS:
  TensorFlowLiteTaskVision: 1a509ece027763df2a5e216aedc3bfb0b8fca73f

PODFILE CHECKSUM: 7cdb3c03421ac904de61d2bbefe40c51dc8c2c33

COCOAPODS: 1.11.3
