PODS:
  - TensorFlowLiteTaskVision (0.4.0)

DEPENDENCIES:
  - TensorFlowLiteTaskVision

SPEC REPOS:
  trunk:
    - TensorFlowLiteTaskVision

SPEC CHECKSUMS:
  TensorFlowLiteTaskVision: 1a509ece027763df2a5e216aedc3bfb0b8fca73f

PODFILE CHECKSUM: 6030363215cbadd2d8f7bbb91c053dab52ad1d93

COCOAPODS: 1.11.3
